
Microsoft Visual Studio Solution File, Format Version 12.00
# Visual Studio Version 17
VisualStudioVersion = 17.14.36705.20 d17.14
MinimumVisualStudioVersion = 10.0.40219.1
Project("{FAE04EC0-301F-11D3-BF4B-00C04F79EFBC}") = "kinfoTech", "kinfoTech.csproj", "{19FC35F9-7BD6-4DCF-B5FC-D32855D124F8}"
EndProject
Global
	GlobalSection(SolutionConfigurationPlatforms) = preSolution
		Debug|Any CPU = Debug|Any CPU
		Release|Any CPU = Release|Any CPU
	EndGlobalSection
	GlobalSection(ProjectConfigurationPlatforms) = postSolution
		{19FC35F9-7BD6-4DCF-B5FC-D32855D124F8}.Debug|Any CPU.ActiveCfg = Debug|Any CPU
		{19FC35F9-7BD6-4DCF-B5FC-D32855D124F8}.Debug|Any CPU.Build.0 = Debug|Any CPU
		{19FC35F9-7BD6-4DCF-B5FC-D32855D124F8}.Release|Any CPU.ActiveCfg = Release|Any CPU
		{19FC35F9-7BD6-4DCF-B5FC-D32855D124F8}.Release|Any CPU.Build.0 = Release|Any CPU
	EndGlobalSection
	GlobalSection(SolutionProperties) = preSolution
		HideSolutionNode = FALSE
	EndGlobalSection
	GlobalSection(ExtensibilityGlobals) = postSolution
		SolutionGuid = {5FB9FE9B-40AB-4357-A526-D6BC37B0CD74}
	EndGlobalSection
EndGlobal
